
Microsoft Visual Studio Solution File, Format Version 12.00
# Visual Studio Version 17
VisualStudioVersion = 17.11.35208.52
MinimumVisualStudioVersion = 10.0.40219.1
Project("{FAE04EC0-301F-11D3-BF4B-00C04F79EFBC}") = "DataInsertProject", "DataInsertProject\DataInsertProject.csproj", "{02B12BEA-43A4-4787-8AFB-9C1B6923F759}"
EndProject
Global
	GlobalSection(SolutionConfigurationPlatforms) = preSolution
		Debug|Any CPU = Debug|Any CPU
		Release|Any CPU = Release|Any CPU
	EndGlobalSection
	GlobalSection(ProjectConfigurationPlatforms) = postSolution
		{02B12BEA-43A4-4787-8AFB-9C1B6923F759}.Debug|Any CPU.ActiveCfg = Debug|Any CPU
		{02B12BEA-43A4-4787-8AFB-9C1B6923F759}.Debug|Any CPU.Build.0 = Debug|Any CPU
		{02B12BEA-43A4-4787-8AFB-9C1B6923F759}.Release|Any CPU.ActiveCfg = Release|Any CPU
		{02B12BEA-43A4-4787-8AFB-9C1B6923F759}.Release|Any CPU.Build.0 = Release|Any CPU
	EndGlobalSection
	GlobalSection(SolutionProperties) = preSolution
		HideSolutionNode = FALSE
	EndGlobalSection
	GlobalSection(ExtensibilityGlobals) = postSolution
		SolutionGuid = {468ADB62-419C-4DB2-A48C-E795FB2B3BFA}
	EndGlobalSection
EndGlobal
